// !$*UTF8*$!
{
	archiveVersion = 1;
	classes = {
	};
	objectVersion = 50;
	objects = {

/* Begin PBXBuildFile section */
		626E491924D866C4005FB568 /* AppDelegate.swift in Sources */ = {isa = PBXBuildFile; fileRef = 626E491824D866C4005FB568 /* AppDelegate.swift */; };
		626E491B24D866C4005FB568 /* SceneDelegate.swift in Sources */ = {isa = PBXBuildFile; fileRef = 626E491A24D866C4005FB568 /* SceneDelegate.swift */; };
		626E491D24D866C4005FB568 /* ViewController.swift in Sources */ = {isa = PBXBuildFile; fileRef = 626E491C24D866C4005FB568 /* ViewController.swift */; };
		626E492024D866C4005FB568 /* Main.storyboard in Resources */ = {isa = PBXBuildFile; fileRef = 626E491E24D866C4005FB568 /* Main.storyboard */; };
		626E492224D866C6005FB568 /* Assets.xcassets in Resources */ = {isa = PBXBuildFile; fileRef = 626E492124D866C6005FB568 /* Assets.xcassets */; };
		626E492524D866C6005FB568 /* LaunchScreen.storyboard in Resources */ = {isa = PBXBuildFile; fileRef = 626E492324D866C6005FB568 /* LaunchScreen.storyboard */; };
		626E493024D866C6005FB568 /* Pizza_AppTests.swift in Sources */ = {isa = PBXBuildFile; fileRef = 626E492F24D866C6005FB568 /* Pizza_AppTests.swift */; };
		626E493B24D866C6005FB568 /* Pizza_AppUITests.swift in Sources */ = {isa = PBXBuildFile; fileRef = 626E493A24D866C6005FB568 /* Pizza_AppUITests.swift */; };
/* End PBXBuildFile section */

/* Begin PBXContainerItemProxy section */
		626E492C24D866C6005FB568 /* PBXContainerItemProxy */ = {
			isa = PBXContainerItemProxy;
			containerPortal = 626E490D24D866C4005FB568 /* Project object */;
			proxyType = 1;
			remoteGlobalIDString = 626E491424D866C4005FB568;
			remoteInfo = "Pizza App";
		};
		626E493724D866C6005FB568 /* PBXContainerItemProxy */ = {
			isa = PBXContainerItemProxy;
			containerPortal = 626E490D24D866C4005FB568 /* Project object */;
			proxyType = 1;
			remoteGlobalIDString = 626E491424D866C4005FB568;
			remoteInfo = "Pizza App";
		};
/* End PBXContainerItemProxy section */

/* Begin PBXFileReference section */
		626E491524D866C4005FB568 /* Pizza App.app */ = {isa = PBXFileReference; explicitFileType = wrapper.application; includeInIndex = 0; path = "Pizza App.app"; sourceTree = BUILT_PRODUCTS_DIR; };
		626E491824D866C4005FB568 /* AppDelegate.swift */ = {isa = PBXFileReference; lastKnownFileType = sourcecode.swift; path = AppDelegate.swift; sourceTree = "<group>"; };
		626E491A24D866C4005FB568 /* SceneDelegate.swift */ = {isa = PBXFileReference; lastKnownFileType = sourcecode.swift; path = SceneDelegate.swift; sourceTree = "<group>"; };
		626E491C24D866C4005FB568 /* ViewController.swift */ = {isa = PBXFileReference; lastKnownFileType = sourcecode.swift; path = ViewController.swift; sourceTree = "<group>"; };
		626E491F24D866C4005FB568 /* Base */ = {isa = PBXFileReference; lastKnownFileType = file.storyboard; name = Base; path = Base.lproj/Main.storyboard; sourceTree = "<group>"; };
		626E492124D866C6005FB568 /* Assets.xcassets */ = {isa = PBXFileReference; lastKnownFileType = folder.assetcatalog; path = Assets.xcassets; sourceTree = "<group>"; };
		626E492424D866C6005FB568 /* Base */ = {isa = PBXFileReference; lastKnownFileType = file.storyboard; name = Base; path = Base.lproj/LaunchScreen.storyboard; sourceTree = "<group>"; };
		626E492624D866C6005FB568 /* Info.plist */ = {isa = PBXFileReference; lastKnownFileType = text.plist.xml; path = Info.plist; sourceTree = "<group>"; };
		626E492B24D866C6005FB568 /* Pizza AppTests.xctest */ = {isa = PBXFileReference; explicitFileType = wrapper.cfbundle; includeInIndex = 0; path = "Pizza AppTests.xctest"; sourceTree = BUILT_PRODUCTS_DIR; };
		626E492F24D866C6005FB568 /* Pizza_AppTests.swift */ = {isa = PBXFileReference; lastKnownFileType = sourcecode.swift; path = Pizza_AppTests.swift; sourceTree = "<group>"; };
		626E493124D866C6005FB568 /* Info.plist */ = {isa = PBXFileReference; lastKnownFileType = text.plist.xml; path = Info.plist; sourceTree = "<group>"; };
		626E493624D866C6005FB568 /* Pizza AppUITests.xctest */ = {isa = PBXFileReference; explicitFileType = wrapper.cfbundle; includeInIndex = 0; path = "Pizza AppUITests.xctest"; sourceTree = BUILT_PRODUCTS_DIR; };
		626E493A24D866C6005FB568 /* Pizza_AppUITests.swift */ = {isa = PBXFileReference; lastKnownFileType = sourcecode.swift; path = Pizza_AppUITests.swift; sourceTree = "<group>"; };
		626E493C24D866C6005FB568 /* Info.plist */ = {isa = PBXFileReference; lastKnownFileType = text.plist.xml; path = Info.plist; sourceTree = "<group>"; };
/* End PBXFileReference section */

/* Begin PBXFrameworksBuildPhase section */
		626E491224D866C4005FB568 /* Frameworks */ = {
			isa = PBXFrameworksBuildPhase;
			buildActionMask = 2147483647;
			files = (
			);
			runOnlyForDeploymentPostprocessing = 0;
		};
		626E492824D866C6005FB568 /* Frameworks */ = {
			isa = PBXFrameworksBuildPhase;
			buildActionMask = 2147483647;
			files = (
			);
			runOnlyForDeploymentPostprocessing = 0;
		};
		626E493324D866C6005FB568 /* Frameworks */ = {
			isa = PBXFrameworksBuildPhase;
			buildActionMask = 2147483647;
			files = (
			);
			runOnlyForDeploymentPostprocessing = 0;
		};
/* End PBXFrameworksBuildPhase section */

/* Begin PBXGroup section */
		626E490C24D866C4005FB568 = {
			isa = PBXGroup;
			children = (
				626E491724D866C4005FB568 /* Pizza App */,
				626E492E24D866C6005FB568 /* Pizza AppTests */,
				626E493924D866C6005FB568 /* Pizza AppUITests */,
				626E491624D866C4005FB568 /* Products */,
			);
			sourceTree = "<group>";
		};
		626E491624D866C4005FB568 /* Products */ = {
			isa = PBXGroup;
			children = (
				626E491524D866C4005FB568 /* Pizza App.app */,
				626E492B24D866C6005FB568 /* Pizza AppTests.xctest */,
				626E493624D866C6005FB568 /* Pizza AppUITests.xctest */,
			);
			name = Products;
			sourceTree = "<group>";
		};
		626E491724D866C4005FB568 /* Pizza App */ = {
			isa = PBXGroup;
			children = (
				626E491824D866C4005FB568 /* AppDelegate.swift */,
				626E491A24D866C4005FB568 /* SceneDelegate.swift */,
				626E491C24D866C4005FB568 /* ViewController.swift */,
				626E491E24D866C4005FB568 /* Main.storyboard */,
				626E492124D866C6005FB568 /* Assets.xcassets */,
				626E492324D866C6005FB568 /* LaunchScreen.storyboard */,
				626E492624D866C6005FB568 /* Info.plist */,
			);
			path = "Pizza App";
			sourceTree = "<group>";
		};
		626E492E24D866C6005FB568 /* Pizza AppTests */ = {
			isa = PBXGroup;
			children = (
				626E492F24D866C6005FB568 /* Pizza_AppTests.swift */,
				626E493124D866C6005FB568 /* Info.plist */,
			);
			path = "Pizza AppTests";
			sourceTree = "<group>";
		};
		626E493924D866C6005FB568 /* Pizza AppUITests */ = {
			isa = PBXGroup;
			children = (
				626E493A24D866C6005FB568 /* Pizza_AppUITests.swift */,
				626E493C24D866C6005FB568 /* Info.plist */,
			);
			path = "Pizza AppUITests";
			sourceTree = "<group>";
		};
/* End PBXGroup section */

/* Begin PBXNativeTarget section */
		626E491424D866C4005FB568 /* Pizza App */ = {
			isa = PBXNativeTarget;
			buildConfigurationList = 626E493F24D866C6005FB568 /* Build configuration list for PBXNativeTarget "Pizza App" */;
			buildPhases = (
				626E491124D866C4005FB568 /* Sources */,
				626E491224D866C4005FB568 /* Frameworks */,
				626E491324D866C4005FB568 /* Resources */,
			);
			buildRules = (
			);
			dependencies = (
			);
			name = "Pizza App";
			productName = "Pizza App";
			productReference = 626E491524D866C4005FB568 /* Pizza App.app */;
			productType = "com.apple.product-type.application";
		};
		626E492A24D866C6005FB568 /* Pizza AppTests */ = {
			isa = PBXNativeTarget;
			buildConfigurationList = 626E494224D866C6005FB568 /* Build configuration list for PBXNativeTarget "Pizza AppTests" */;
			buildPhases = (
				626E492724D866C6005FB568 /* Sources */,
				626E492824D866C6005FB568 /* Frameworks */,
				626E492924D866C6005FB568 /* Resources */,
			);
			buildRules = (
			);
			dependencies = (
				626E492D24D866C6005FB568 /* PBXTargetDependency */,
			);
			name = "Pizza AppTests";
			productName = "Pizza AppTests";
			productReference = 626E492B24D866C6005FB568 /* Pizza AppTests.xctest */;
			productType = "com.apple.product-type.bundle.unit-test";
		};
		626E493524D866C6005FB568 /* Pizza AppUITests */ = {
			isa = PBXNativeTarget;
			buildConfigurationList = 626E494524D866C6005FB568 /* Build configuration list for PBXNativeTarget "Pizza AppUITests" */;
			buildPhases = (
				626E493224D866C6005FB568 /* Sources */,
				626E493324D866C6005FB568 /* Frameworks */,
				626E493424D866C6005FB568 /* Resources */,
			);
			buildRules = (
			);
			dependencies = (
				626E493824D866C6005FB568 /* PBXTargetDependency */,
			);
			name = "Pizza AppUITests";
			productName = "Pizza AppUITests";
			productReference = 626E493624D866C6005FB568 /* Pizza AppUITests.xctest */;
			productType = "com.apple.product-type.bundle.ui-testing";
		};
/* End PBXNativeTarget section */

/* Begin PBXProject section */
		626E490D24D866C4005FB568 /* Project object */ = {
			isa = PBXProject;
			attributes = {
				LastSwiftUpdateCheck = 1130;
				LastUpgradeCheck = 1130;
				ORGANIZATIONNAME = "Daniel Olmo";
				TargetAttributes = {
					626E491424D866C4005FB568 = {
						CreatedOnToolsVersion = 11.3.1;
					};
					626E492A24D866C6005FB568 = {
						CreatedOnToolsVersion = 11.3.1;
						TestTargetID = 626E491424D866C4005FB568;
					};
					626E493524D866C6005FB568 = {
						CreatedOnToolsVersion = 11.3.1;
						TestTargetID = 626E491424D866C4005FB568;
					};
				};
			};
			buildConfigurationList = 626E491024D866C4005FB568 /* Build configuration list for PBXProject "Pizza App" */;
			compatibilityVersion = "Xcode 9.3";
			developmentRegion = en;
			hasScannedForEncodings = 0;
			knownRegions = (
				en,
				Base,
			);
			mainGroup = 626E490C24D866C4005FB568;
			productRefGroup = 626E491624D866C4005FB568 /* Products */;
			projectDirPath = "";
			projectRoot = "";
			targets = (
				626E491424D866C4005FB568 /* Pizza App */,
				626E492A24D866C6005FB568 /* Pizza AppTests */,
				626E493524D866C6005FB568 /* Pizza AppUITests */,
			);
		};
/* End PBXProject section */

/* Begin PBXResourcesBuildPhase section */
		626E491324D866C4005FB568 /* Resources */ = {
			isa = PBXResourcesBuildPhase;
			buildActionMask = 2147483647;
			files = (
				626E492524D866C6005FB568 /* LaunchScreen.storyboard in Resources */,
				626E492224D866C6005FB568 /* Assets.xcassets in Resources */,
				626E492024D866C4005FB568 /* Main.storyboard in Resources */,
			);
			runOnlyForDeploymentPostprocessing = 0;
		};
		626E492924D866C6005FB568 /* Resources */ = {
			isa = PBXResourcesBuildPhase;
			buildActionMask = 2147483647;
			files = (
			);
			runOnlyForDeploymentPostprocessing = 0;
		};
		626E493424D866C6005FB568 /* Resources */ = {
			isa = PBXResourcesBuildPhase;
			buildActionMask = 2147483647;
			files = (
			);
			runOnlyForDeploymentPostprocessing = 0;
		};
/* End PBXResourcesBuildPhase section */

/* Begin PBXSourcesBuildPhase section */
		626E491124D866C4005FB568 /* Sources */ = {
			isa = PBXSourcesBuildPhase;
			buildActionMask = 2147483647;
			files = (
				626E491D24D866C4005FB568 /* ViewController.swift in Sources */,
				626E491924D866C4005FB568 /* AppDelegate.swift in Sources */,
				626E491B24D866C4005FB568 /* SceneDelegate.swift in Sources */,
			);
			runOnlyForDeploymentPostprocessing = 0;
		};
		626E492724D866C6005FB568 /* Sources */ = {
			isa = PBXSourcesBuildPhase;
			buildActionMask = 2147483647;
			files = (
				626E493024D866C6005FB568 /* Pizza_AppTests.swift in Sources */,
			);
			runOnlyForDeploymentPostprocessing = 0;
		};
		626E493224D866C6005FB568 /* Sources */ = {
			isa = PBXSourcesBuildPhase;
			buildActionMask = 2147483647;
			files = (
				626E493B24D866C6005FB568 /* Pizza_AppUITests.swift in Sources */,
			);
			runOnlyForDeploymentPostprocessing = 0;
		};
/* End PBXSourcesBuildPhase section */

/* Begin PBXTargetDependency section */
		626E492D24D866C6005FB568 /* PBXTargetDependency */ = {
			isa = PBXTargetDependency;
			target = 626E491424D866C4005FB568 /* Pizza App */;
			targetProxy = 626E492C24D866C6005FB568 /* PBXContainerItemProxy */;
		};
		626E493824D866C6005FB568 /* PBXTargetDependency */ = {
			isa = PBXTargetDependency;
			target = 626E491424D866C4005FB568 /* Pizza App */;
			targetProxy = 626E493724D866C6005FB568 /* PBXContainerItemProxy */;
		};
/* End PBXTargetDependency section */

/* Begin PBXVariantGroup section */
		626E491E24D866C4005FB568 /* Main.storyboard */ = {
			isa = PBXVariantGroup;
			children = (
				626E491F24D866C4005FB568 /* Base */,
			);
			name = Main.storyboard;
			sourceTree = "<group>";
		};
		626E492324D866C6005FB568 /* LaunchScreen.storyboard */ = {
			isa = PBXVariantGroup;
			children = (
				626E492424D866C6005FB568 /* Base */,
			);
			name = LaunchScreen.storyboard;
			sourceTree = "<group>";
		};
/* End PBXVariantGroup section */

/* Begin XCBuildConfiguration section */
		626E493D24D866C6005FB568 /* Debug */ = {
			isa = XCBuildConfiguration;
			buildSettings = {
				ALWAYS_SEARCH_USER_PATHS = NO;
				CLANG_ANALYZER_NONNULL = YES;
				CLANG_ANALYZER_NUMBER_OBJECT_CONVERSION = YES_AGGRESSIVE;
				CLANG_CXX_LANGUAGE_STANDARD = "gnu++14";
				CLANG_CXX_LIBRARY = "libc++";
				CLANG_ENABLE_MODULES = YES;
				CLANG_ENABLE_OBJC_ARC = YES;
				CLANG_ENABLE_OBJC_WEAK = YES;
				CLANG_WARN_BLOCK_CAPTURE_AUTORELEASING = YES;
				CLANG_WARN_BOOL_CONVERSION = YES;
				CLANG_WARN_COMMA = YES;
				CLANG_WARN_CONSTANT_CONVERSION = YES;
				CLANG_WARN_DEPRECATED_OBJC_IMPLEMENTATIONS = YES;
				CLANG_WARN_DIRECT_OBJC_ISA_USAGE = YES_ERROR;
				CLANG_WARN_DOCUMENTATION_COMMENTS = YES;
				CLANG_WARN_EMPTY_BODY = YES;
				CLANG_WARN_ENUM_CONVERSION = YES;
				CLANG_WARN_INFINITE_RECURSION = YES;
				CLANG_WARN_INT_CONVERSION = YES;
				CLANG_WARN_NON_LITERAL_NULL_CONVERSION = YES;
				CLANG_WARN_OBJC_IMPLICIT_RETAIN_SELF = YES;
				CLANG_WARN_OBJC_LITERAL_CONVERSION = YES;
				CLANG_WARN_OBJC_ROOT_CLASS = YES_ERROR;
				CLANG_WARN_RANGE_LOOP_ANALYSIS = YES;
				CLANG_WARN_STRICT_PROTOTYPES = YES;
				CLANG_WARN_SUSPICIOUS_MOVE = YES;
				CLANG_WARN_UNGUARDED_AVAILABILITY = YES_AGGRESSIVE;
				CLANG_WARN_UNREACHABLE_CODE = YES;
				CLANG_WARN__DUPLICATE_METHOD_MATCH = YES;
				COPY_PHASE_STRIP = NO;
				DEBUG_INFORMATION_FORMAT = dwarf;
				ENABLE_STRICT_OBJC_MSGSEND = YES;
				ENABLE_TESTABILITY = YES;
				GCC_C_LANGUAGE_STANDARD = gnu11;
				GCC_DYNAMIC_NO_PIC = NO;
				GCC_NO_COMMON_BLOCKS = YES;
				GCC_OPTIMIZATION_LEVEL = 0;
				GCC_PREPROCESSOR_DEFINITIONS = (
					"DEBUG=1",
					"$(inherited)",
				);
				GCC_WARN_64_TO_32_BIT_CONVERSION = YES;
				GCC_WARN_ABOUT_RETURN_TYPE = YES_ERROR;
				GCC_WARN_UNDECLARED_SELECTOR = YES;
				GCC_WARN_UNINITIALIZED_AUTOS = YES_AGGRESSIVE;
				GCC_WARN_UNUSED_FUNCTION = YES;
				GCC_WARN_UNUSED_VARIABLE = YES;
				IPHONEOS_DEPLOYMENT_TARGET = 13.2;
				MTL_ENABLE_DEBUG_INFO = INCLUDE_SOURCE;
				MTL_FAST_MATH = YES;
				ONLY_ACTIVE_ARCH = YES;
				SDKROOT = iphoneos;
				SWIFT_ACTIVE_COMPILATION_CONDITIONS = DEBUG;
				SWIFT_OPTIMIZATION_LEVEL = "-Onone";
			};
			name = Debug;
		};
		626E493E24D866C6005FB568 /* Release */ = {
			isa = XCBuildConfiguration;
			buildSettings = {
				ALWAYS_SEARCH_USER_PATHS = NO;
				CLANG_ANALYZER_NONNULL = YES;
				CLANG_ANALYZER_NUMBER_OBJECT_CONVERSION = YES_AGGRESSIVE;
				CLANG_CXX_LANGUAGE_STANDARD = "gnu++14";
				CLANG_CXX_LIBRARY = "libc++";
				CLANG_ENABLE_MODULES = YES;
				CLANG_ENABLE_OBJC_ARC = YES;
				CLANG_ENABLE_OBJC_WEAK = YES;
				CLANG_WARN_BLOCK_CAPTURE_AUTORELEASING = YES;
				CLANG_WARN_BOOL_CONVERSION = YES;
				CLANG_WARN_COMMA = YES;
				CLANG_WARN_CONSTANT_CONVERSION = YES;
				CLANG_WARN_DEPRECATED_OBJC_IMPLEMENTATIONS = YES;
				CLANG_WARN_DIRECT_OBJC_ISA_USAGE = YES_ERROR;
				CLANG_WARN_DOCUMENTATION_COMMENTS = YES;
				CLANG_WARN_EMPTY_BODY = YES;
				CLANG_WARN_ENUM_CONVERSION = YES;
				CLANG_WARN_INFINITE_RECURSION = YES;
				CLANG_WARN_INT_CONVERSION = YES;
				CLANG_WARN_NON_LITERAL_NULL_CONVERSION = YES;
				CLANG_WARN_OBJC_IMPLICIT_RETAIN_SELF = YES;
				CLANG_WARN_OBJC_LITERAL_CONVERSION = YES;
				CLANG_WARN_OBJC_ROOT_CLASS = YES_ERROR;
				CLANG_WARN_RANGE_LOOP_ANALYSIS = YES;
				CLANG_WARN_STRICT_PROTOTYPES = YES;
				CLANG_WARN_SUSPICIOUS_MOVE = YES;
				CLANG_WARN_UNGUARDED_AVAILABILITY = YES_AGGRESSIVE;
				CLANG_WARN_UNREACHABLE_CODE = YES;
				CLANG_WARN__DUPLICATE_METHOD_MATCH = YES;
				COPY_PHASE_STRIP = NO;
				DEBUG_INFORMATION_FORMAT = "dwarf-with-dsym";
				ENABLE_NS_ASSERTIONS = NO;
				ENABLE_STRICT_OBJC_MSGSEND = YES;
				GCC_C_LANGUAGE_STANDARD = gnu11;
				GCC_NO_COMMON_BLOCKS = YES;
				GCC_WARN_64_TO_32_BIT_CONVERSION = YES;
				GCC_WARN_ABOUT_RETURN_TYPE = YES_ERROR;
				GCC_WARN_UNDECLARED_SELECTOR = YES;
				GCC_WARN_UNINITIALIZED_AUTOS = YES_AGGRESSIVE;
				GCC_WARN_UNUSED_FUNCTION = YES;
				GCC_WARN_UNUSED_VARIABLE = YES;
				IPHONEOS_DEPLOYMENT_TARGET = 13.2;
				MTL_ENABLE_DEBUG_INFO = NO;
				MTL_FAST_MATH = YES;
				SDKROOT = iphoneos;
				SWIFT_COMPILATION_MODE = wholemodule;
				SWIFT_OPTIMIZATION_LEVEL = "-O";
				VALIDATE_PRODUCT = YES;
			};
			name = Release;
		};
		626E494024D866C6005FB568 /* Debug */ = {
			isa = XCBuildConfiguration;
			buildSettings = {
				ASSETCATALOG_COMPILER_APPICON_NAME = AppIcon;
				CODE_SIGN_STYLE = Automatic;
				INFOPLIST_FILE = "Pizza App/Info.plist";
				LD_RUNPATH_SEARCH_PATHS = (
					"$(inherited)",
					"@executable_path/Frameworks",
				);
				PRODUCT_BUNDLE_IDENTIFIER = "com.DanielOGW.Pizza-App";
				PRODUCT_NAME = "$(TARGET_NAME)";
				SWIFT_VERSION = 5.0;
				TARGETED_DEVICE_FAMILY = "1,2";
			};
			name = Debug;
		};
		626E494124D866C6005FB568 /* Release */ = {
			isa = XCBuildConfiguration;
			buildSettings = {
				ASSETCATALOG_COMPILER_APPICON_NAME = AppIcon;
				CODE_SIGN_STYLE = Automatic;
				INFOPLIST_FILE = "Pizza App/Info.plist";
				LD_RUNPATH_SEARCH_PATHS = (
					"$(inherited)",
					"@executable_path/Frameworks",
				);
				PRODUCT_BUNDLE_IDENTIFIER = "com.DanielOGW.Pizza-App";
				PRODUCT_NAME = "$(TARGET_NAME)";
				SWIFT_VERSION = 5.0;
				TARGETED_DEVICE_FAMILY = "1,2";
			};
			name = Release;
		};
		626E494324D866C6005FB568 /* Debug */ = {
			isa = XCBuildConfiguration;
			buildSettings = {
				ALWAYS_EMBED_SWIFT_STANDARD_LIBRARIES = YES;
				BUNDLE_LOADER = "$(TEST_HOST)";
				CODE_SIGN_STYLE = Automatic;
				INFOPLIST_FILE = "Pizza AppTests/Info.plist";
				IPHONEOS_DEPLOYMENT_TARGET = 13.2;
				LD_RUNPATH_SEARCH_PATHS = (
					"$(inherited)",
					"@executable_path/Frameworks",
					"@loader_path/Frameworks",
				);
				PRODUCT_BUNDLE_IDENTIFIER = "com.DanielOGW.Pizza-AppTests";
				PRODUCT_NAME = "$(TARGET_NAME)";
				SWIFT_VERSION = 5.0;
				TARGETED_DEVICE_FAMILY = "1,2";
				TEST_HOST = "$(BUILT_PRODUCTS_DIR)/Pizza App.app/Pizza App";
			};
			name = Debug;
		};
		626E494424D866C6005FB568 /* Release */ = {
			isa = XCBuildConfiguration;
			buildSettings = {
				ALWAYS_EMBED_SWIFT_STANDARD_LIBRARIES = YES;
				BUNDLE_LOADER = "$(TEST_HOST)";
				CODE_SIGN_STYLE = Automatic;
				INFOPLIST_FILE = "Pizza AppTests/Info.plist";
				IPHONEOS_DEPLOYMENT_TARGET = 13.2;
				LD_RUNPATH_SEARCH_PATHS = (
					"$(inherited)",
					"@executable_path/Frameworks",
					"@loader_path/Frameworks",
				);
				PRODUCT_BUNDLE_IDENTIFIER = "com.DanielOGW.Pizza-AppTests";
				PRODUCT_NAME = "$(TARGET_NAME)";
				SWIFT_VERSION = 5.0;
				TARGETED_DEVICE_FAMILY = "1,2";
				TEST_HOST = "$(BUILT_PRODUCTS_DIR)/Pizza App.app/Pizza App";
			};
			name = Release;
		};
		626E494624D866C6005FB568 /* Debug */ = {
			isa = XCBuildConfiguration;
			buildSettings = {
				ALWAYS_EMBED_SWIFT_STANDARD_LIBRARIES = YES;
				CODE_SIGN_STYLE = Automatic;
				INFOPLIST_FILE = "Pizza AppUITests/Info.plist";
				LD_RUNPATH_SEARCH_PATHS = (
					"$(inherited)",
					"@executable_path/Frameworks",
					"@loader_path/Frameworks",
				);
				PRODUCT_BUNDLE_IDENTIFIER = "com.DanielOGW.Pizza-AppUITests";
				PRODUCT_NAME = "$(TARGET_NAME)";
				SWIFT_VERSION = 5.0;
				TARGETED_DEVICE_FAMILY = "1,2";
				TEST_TARGET_NAME = "Pizza App";
			};
			name = Debug;
		};
		626E494724D866C6005FB568 /* Release */ = {
			isa = XCBuildConfiguration;
			buildSettings = {
				ALWAYS_EMBED_SWIFT_STANDARD_LIBRARIES = YES;
				CODE_SIGN_STYLE = Automatic;
				INFOPLIST_FILE = "Pizza AppUITests/Info.plist";
				LD_RUNPATH_SEARCH_PATHS = (
					"$(inherited)",
					"@executable_path/Frameworks",
					"@loader_path/Frameworks",
				);
				PRODUCT_BUNDLE_IDENTIFIER = "com.DanielOGW.Pizza-AppUITests";
				PRODUCT_NAME = "$(TARGET_NAME)";
				SWIFT_VERSION = 5.0;
				TARGETED_DEVICE_FAMILY = "1,2";
				TEST_TARGET_NAME = "Pizza App";
			};
			name = Release;
		};
/* End XCBuildConfiguration section */

/* Begin XCConfigurationList section */
		626E491024D866C4005FB568 /* Build configuration list for PBXProject "Pizza App" */ = {
			isa = XCConfigurationList;
			buildConfigurations = (
				626E493D24D866C6005FB568 /* Debug */,
				626E493E24D866C6005FB568 /* Release */,
			);
			defaultConfigurationIsVisible = 0;
			defaultConfigurationName = Release;
		};
		626E493F24D866C6005FB568 /* Build configuration list for PBXNativeTarget "Pizza App" */ = {
			isa = XCConfigurationList;
			buildConfigurations = (
				626E494024D866C6005FB568 /* Debug */,
				626E494124D866C6005FB568 /* Release */,
			);
			defaultConfigurationIsVisible = 0;
			defaultConfigurationName = Release;
		};
		626E494224D866C6005FB568 /* Build configuration list for PBXNativeTarget "Pizza AppTests" */ = {
			isa = XCConfigurationList;
			buildConfigurations = (
				626E494324D866C6005FB568 /* Debug */,
				626E494424D866C6005FB568 /* Release */,
			);
			defaultConfigurationIsVisible = 0;
			defaultConfigurationName = Release;
		};
		626E494524D866C6005FB568 /* Build configuration list for PBXNativeTarget "Pizza AppUITests" */ = {
			isa = XCConfigurationList;
			buildConfigurations = (
				626E494624D866C6005FB568 /* Debug */,
				626E494724D866C6005FB568 /* Release */,
			);
			defaultConfigurationIsVisible = 0;
			defaultConfigurationName = Release;
		};
/* End XCConfigurationList section */
	};
	rootObject = 626E490D24D866C4005FB568 /* Project object */;
}
